
Microsoft Visual Studio Solution File, Format Version 12.00
# Visual Studio Version 17
VisualStudioVersion = 17.13.35825.156
MinimumVisualStudioVersion = 10.0.40219.1
Project("{FAE04EC0-301F-11D3-BF4B-00C04F79EFBC}") = "DeciTap+", "DeciTap v2\DeciTap+.csproj", "{D0765D4D-1343-454B-989D-D2DB3851A54D}"
EndProject
Global
	GlobalSection(SolutionConfigurationPlatforms) = preSolution
		Debug|Any CPU = Debug|Any CPU
		Release|Any CPU = Release|Any CPU
	EndGlobalSection
	GlobalSection(ProjectConfigurationPlatforms) = postSolution
		{D0765D4D-1343-454B-989D-D2DB3851A54D}.Debug|Any CPU.ActiveCfg = Debug|Any CPU
		{D0765D4D-1343-454B-989D-D2DB3851A54D}.Debug|Any CPU.Build.0 = Debug|Any CPU
		{D0765D4D-1343-454B-989D-D2DB3851A54D}.Release|Any CPU.ActiveCfg = Release|Any CPU
		{D0765D4D-1343-454B-989D-D2DB3851A54D}.Release|Any CPU.Build.0 = Release|Any CPU
	EndGlobalSection
	GlobalSection(SolutionProperties) = preSolution
		HideSolutionNode = FALSE
	EndGlobalSection
	GlobalSection(ExtensibilityGlobals) = postSolution
		SolutionGuid = {4DD0F764-FC11-4E0F-A1DB-52C4DD5378F7}
	EndGlobalSection
EndGlobal
